
Microsoft Visual Studio Solution File, Format Version 12.00
# Visual Studio 15
VisualStudioVersion = 15.0.28307.329
MinimumVisualStudioVersion = 10.0.40219.1
Project("{FAE04EC0-301F-11D3-BF4B-00C04F79EFBC}") = "DemoApplication_NetFW46", "DemoApplication_NetFW46\DemoApplication_NetFW46.csproj", "{82CDE23E-F934-4E0E-892F-E0F7B5F61511}"
EndProject
Project("{FAE04EC0-301F-11D3-BF4B-00C04F79EFBC}") = "DemoApplication_NetFW46.Tests", "DemoApplication_NetFW46.Tests\DemoApplication_NetFW46.Tests.csproj", "{66B6EDF8-51B8-4F44-8FAF-BED931CB2E2B}"
EndProject
Global
	GlobalSection(SolutionConfigurationPlatforms) = preSolution
		Debug|Any CPU = Debug|Any CPU
		Release|Any CPU = Release|Any CPU
	EndGlobalSection
	GlobalSection(ProjectConfigurationPlatforms) = postSolution
		{82CDE23E-F934-4E0E-892F-E0F7B5F61511}.Debug|Any CPU.ActiveCfg = Debug|Any CPU
		{82CDE23E-F934-4E0E-892F-E0F7B5F61511}.Debug|Any CPU.Build.0 = Debug|Any CPU
		{82CDE23E-F934-4E0E-892F-E0F7B5F61511}.Release|Any CPU.ActiveCfg = Release|Any CPU
		{82CDE23E-F934-4E0E-892F-E0F7B5F61511}.Release|Any CPU.Build.0 = Release|Any CPU
		{66B6EDF8-51B8-4F44-8FAF-BED931CB2E2B}.Debug|Any CPU.ActiveCfg = Debug|Any CPU
		{66B6EDF8-51B8-4F44-8FAF-BED931CB2E2B}.Debug|Any CPU.Build.0 = Debug|Any CPU
		{66B6EDF8-51B8-4F44-8FAF-BED931CB2E2B}.Release|Any CPU.ActiveCfg = Release|Any CPU
		{66B6EDF8-51B8-4F44-8FAF-BED931CB2E2B}.Release|Any CPU.Build.0 = Release|Any CPU
	EndGlobalSection
	GlobalSection(SolutionProperties) = preSolution
		HideSolutionNode = FALSE
	EndGlobalSection
	GlobalSection(ExtensibilityGlobals) = postSolution
		SolutionGuid = {D728BF94-C6B0-4EBA-B5B4-D837D37B9C6A}
	EndGlobalSection
EndGlobal
